{
  "name": "npm_package_demo",
  "version": "1.0.0",
  "lockfileVersion": 1,
  "requires": true,
  "dependencies": {
    "@textlint/ast-node-types": {
      "version": "12.2.1",
      "resolved": "http://registry.npm.oa.com/@textlint/ast-node-types/download/@textlint/ast-node-types-12.2.1.tgz",
      "integrity": "sha1-vsHksC6X/xFn0FfHH+7uGoABWu8=",
      "dev": true
    },
    "@textlint/markdown-to-ast": {
      "version": "12.2.1",
      "resolved": "http://registry.npm.oa.com/@textlint/markdown-to-ast/download/@textlint/markdown-to-ast-12.2.1.tgz",
      "integrity": "sha1-6ewZvnHkUT2IKYbRSrmpk97HRRE=",
      "dev": true,
      "requires": {
        "@textlint/ast-node-types": "^12.2.1",
        "debug": "^4.3.4",
        "remark-footnotes": "^3.0.0",
        "remark-frontmatter": "^3.0.0",
        "remark-gfm": "^1.0.0",
        "remark-parse": "^9.0.0",
        "traverse": "^0.6.6",
        "unified": "^9.2.2"
      }
    },
    "@types/mdast": {
      "version": "3.0.10",
      "resolved": "http://registry.npm.oa.com/@types/mdast/download/@types/mdast-3.0.10.tgz",
      "integrity": "sha1-RyQkSoKkWYiEy76bz9c9/5J+6K8=",
      "dev": true,
      "requires": {
        "@types/unist": "*"
      }
    },
    "@types/unist": {
      "version": "2.0.6",
      "resolved": "http://registry.npm.oa.com/@types/unist/download/@types/unist-2.0.6.tgz",
      "integrity": "sha1-JQp7FsO5H2cqJFUuxkZ47rHToI0=",
      "dev": true
    },
    "anchor-markdown-header": {
      "version": "0.5.7",
      "resolved": "http://registry.npm.oa.com/anchor-markdown-header/download/anchor-markdown-header-0.5.7.tgz",
      "integrity": "sha1-BFBj125qH5zTJ6V6ASaqD97Dcac=",
      "dev": true,
      "requires": {
        "emoji-regex": "~6.1.0"
      }
    },
    "bail": {
      "version": "1.0.5",
      "resolved": "http://registry.npm.oa.com/bail/download/bail-1.0.5.tgz",
      "integrity": "sha1-tvoTNASjksvB+MS/Y/WVM1Hnp3Y=",
      "dev": true
    },
    "ccount": {
      "version": "1.1.0",
      "resolved": "http://registry.npm.oa.com/ccount/download/ccount-1.1.0.tgz",
      "integrity": "sha1-JGaH3rtgFHNRMb6KurLZOJj40EM=",
      "dev": true
    },
    "character-entities": {
      "version": "1.2.4",
      "resolved": "http://registry.npm.oa.com/character-entities/download/character-entities-1.2.4.tgz",
      "integrity": "sha1-4Sw5Obfq9OWxXnrUxeKOHUjFsWs=",
      "dev": true
    },
    "character-entities-legacy": {
      "version": "1.1.4",
      "resolved": "http://registry.npm.oa.com/character-entities-legacy/download/character-entities-legacy-1.1.4.tgz",
      "integrity": "sha1-lLwYRdznClu50uzHSHJWYSk9j8E=",
      "dev": true
    },
    "character-reference-invalid": {
      "version": "1.1.4",
      "resolved": "http://registry.npm.oa.com/character-reference-invalid/download/character-reference-invalid-1.1.4.tgz",
      "integrity": "sha1-CDMpzaDq4nKrPbvzfpo4LBOvFWA=",
      "dev": true
    },
    "debug": {
      "version": "4.3.4",
      "resolved": "http://registry.npm.oa.com/debug/download/debug-4.3.4.tgz",
      "integrity": "sha1-Exn2V5NX8jONMzfSzdSRS7XcyGU=",
      "dev": true,
      "requires": {
        "ms": "2.1.2"
      }
    },
    "doctoc": {
      "version": "2.2.0",
      "resolved": "http://registry.npm.oa.com/doctoc/download/doctoc-2.2.0.tgz",
      "integrity": "sha1-J/I+t10QnSlyLUSe+83jhUyw6r8=",
      "dev": true,
      "requires": {
        "@textlint/markdown-to-ast": "^12.1.1",
        "anchor-markdown-header": "^0.5.7",
        "htmlparser2": "^7.2.0",
        "minimist": "^1.2.6",
        "underscore": "^1.13.2",
        "update-section": "^0.3.3"
      }
    },
    "dom-serializer": {
      "version": "1.4.1",
      "resolved": "http://registry.npm.oa.com/dom-serializer/download/dom-serializer-1.4.1.tgz",
      "integrity": "sha1-3l1Bsa6ikCFdxFptrorc8dMuLTA=",
      "dev": true,
      "requires": {
        "domelementtype": "^2.0.1",
        "domhandler": "^4.2.0",
        "entities": "^2.0.0"
      },
      "dependencies": {
        "entities": {
          "version": "2.2.0",
          "resolved": "http://registry.npm.oa.com/entities/download/entities-2.2.0.tgz",
          "integrity": "sha1-CY3JDruD2N/6CJ1VJWs1HTTE2lU=",
          "dev": true
        }
      }
    },
    "domelementtype": {
      "version": "2.3.0",
      "resolved": "http://registry.npm.oa.com/domelementtype/download/domelementtype-2.3.0.tgz",
      "integrity": "sha1-XEXo6GmVJiYzHXqrMm0B2vZdWJ0=",
      "dev": true
    },
    "domhandler": {
      "version": "4.3.1",
      "resolved": "http://registry.npm.oa.com/domhandler/download/domhandler-4.3.1.tgz",
      "integrity": "sha1-jXkgM0FvWdaLwDpap7AYwcqJJ5w=",
      "dev": true,
      "requires": {
        "domelementtype": "^2.2.0"
      }
    },
    "domutils": {
      "version": "2.8.0",
      "resolved": "http://registry.npm.oa.com/domutils/download/domutils-2.8.0.tgz",
      "integrity": "sha1-RDfe9dtuLR9dbuhZvZXKfQIEgTU=",
      "dev": true,
      "requires": {
        "dom-serializer": "^1.0.1",
        "domelementtype": "^2.2.0",
        "domhandler": "^4.2.0"
      }
    },
    "emoji-regex": {
      "version": "6.1.3",
      "resolved": "http://registry.npm.oa.com/emoji-regex/download/emoji-regex-6.1.3.tgz",
      "integrity": "sha1-7HmjlpsC0uzytyJUJ5v5m8eoOTI=",
      "dev": true
    },
    "entities": {
      "version": "3.0.1",
      "resolved": "http://registry.npm.oa.com/entities/download/entities-3.0.1.tgz",
      "integrity": "sha1-K4h8piWF6W2zkDSC0zbBAGwwAdQ=",
      "dev": true
    },
    "escape-string-regexp": {
      "version": "4.0.0",
      "resolved": "http://registry.npm.oa.com/escape-string-regexp/download/escape-string-regexp-4.0.0.tgz",
      "integrity": "sha1-FLqDpdNz49MR5a/KKc9b+tllvzQ=",
      "dev": true
    },
    "extend": {
      "version": "3.0.2",
      "resolved": "http://registry.npm.oa.com/extend/download/extend-3.0.2.tgz",
      "integrity": "sha1-+LETa0Bx+9jrFAr/hYsQGewpFfo=",
      "dev": true
    },
    "fault": {
      "version": "1.0.4",
      "resolved": "http://registry.npm.oa.com/fault/download/fault-1.0.4.tgz",
      "integrity": "sha1-6vz8Cm0hT8lGAeFw3ymVSk+ELxM=",
      "dev": true,
      "requires": {
        "format": "^0.2.0"
      }
    },
    "format": {
      "version": "0.2.2",
      "resolved": "http://registry.npm.oa.com/format/download/format-0.2.2.tgz",
      "integrity": "sha1-1hcBB+nv3E7TDJ3DkBbflCtctYs=",
      "dev": true
    },
    "htmlparser2": {
      "version": "7.2.0",
      "resolved": "http://registry.npm.oa.com/htmlparser2/download/htmlparser2-7.2.0.tgz",
      "integrity": "sha1-iBfN6ji7wyQ5KpCxmQkI6Bpl9aU=",
      "dev": true,
      "requires": {
        "domelementtype": "^2.0.1",
        "domhandler": "^4.2.2",
        "domutils": "^2.8.0",
        "entities": "^3.0.1"
      }
    },
    "is-alphabetical": {
      "version": "1.0.4",
      "resolved": "http://registry.npm.oa.com/is-alphabetical/download/is-alphabetical-1.0.4.tgz",
      "integrity": "sha1-nn1rlJFr4iFTdF0YTCmMv5hqaG0=",
      "dev": true
    },
    "is-alphanumerical": {
      "version": "1.0.4",
      "resolved": "http://registry.npm.oa.com/is-alphanumerical/download/is-alphanumerical-1.0.4.tgz",
      "integrity": "sha1-frmiQx+FX2se8aeOMm31FWlsTb8=",
      "dev": true,
      "requires": {
        "is-alphabetical": "^1.0.0",
        "is-decimal": "^1.0.0"
      }
    },
    "is-buffer": {
      "version": "2.0.5",
      "resolved": "http://registry.npm.oa.com/is-buffer/download/is-buffer-2.0.5.tgz",
      "integrity": "sha1-68JS5ADSL/jXf6CYiIIaJKZYwZE=",
      "dev": true
    },
    "is-decimal": {
      "version": "1.0.4",
      "resolved": "http://registry.npm.oa.com/is-decimal/download/is-decimal-1.0.4.tgz",
      "integrity": "sha1-ZaOllYocW2OnBuGzM9fNn2MNP6U=",
      "dev": true
    },
    "is-hexadecimal": {
      "version": "1.0.4",
      "resolved": "http://registry.npm.oa.com/is-hexadecimal/download/is-hexadecimal-1.0.4.tgz",
      "integrity": "sha1-zDXJdYjaS9Saju3WvECC1E3LI6c=",
      "dev": true
    },
    "is-plain-obj": {
      "version": "2.1.0",
      "resolved": "http://registry.npm.oa.com/is-plain-obj/download/is-plain-obj-2.1.0.tgz",
      "integrity": "sha1-ReQuN/zPH0Dajl927iFRWEDAkoc=",
      "dev": true
    },
    "longest-streak": {
      "version": "2.0.4",
      "resolved": "http://registry.npm.oa.com/longest-streak/download/longest-streak-2.0.4.tgz",
      "integrity": "sha1-uFmZV9pbXatk3uP+MW+ndFl9kOQ=",
      "dev": true
    },
    "markdown-table": {
      "version": "2.0.0",
      "resolved": "http://registry.npm.oa.com/markdown-table/download/markdown-table-2.0.0.tgz",
      "integrity": "sha1-GUqQztJtMf51PYuUNEMCFMARhls=",
      "dev": true,
      "requires": {
        "repeat-string": "^1.0.0"
      }
    },
    "mdast-util-find-and-replace": {
      "version": "1.1.1",
      "resolved": "http://registry.npm.oa.com/mdast-util-find-and-replace/download/mdast-util-find-and-replace-1.1.1.tgz",
      "integrity": "sha1-t9sehz+W9mWIwyHxNjBpq/YH0bU=",
      "dev": true,
      "requires": {
        "escape-string-regexp": "^4.0.0",
        "unist-util-is": "^4.0.0",
        "unist-util-visit-parents": "^3.0.0"
      }
    },
    "mdast-util-footnote": {
      "version": "0.1.7",
      "resolved": "http://registry.npm.oa.com/mdast-util-footnote/download/mdast-util-footnote-0.1.7.tgz",
      "integrity": "sha1-SyJsrqtGE6M2LBRMlK8P3W9+DvA=",
      "dev": true,
      "requires": {
        "mdast-util-to-markdown": "^0.6.0",
        "micromark": "~2.11.0"
      }
    },
    "mdast-util-from-markdown": {
      "version": "0.8.5",
      "resolved": "http://registry.npm.oa.com/mdast-util-from-markdown/download/mdast-util-from-markdown-0.8.5.tgz",
      "integrity": "sha1-0e8spCvDd+ywRjqYeRDa6JvZoow=",
      "dev": true,
      "requires": {
        "@types/mdast": "^3.0.0",
        "mdast-util-to-string": "^2.0.0",
        "micromark": "~2.11.0",
        "parse-entities": "^2.0.0",
        "unist-util-stringify-position": "^2.0.0"
      }
    },
    "mdast-util-frontmatter": {
      "version": "0.2.0",
      "resolved": "http://registry.npm.oa.com/mdast-util-frontmatter/download/mdast-util-frontmatter-0.2.0.tgz",
      "integrity": "sha1-i9XNVeI2wD4gSgNvc3Lr6eZ0gkA=",
      "dev": true,
      "requires": {
        "micromark-extension-frontmatter": "^0.2.0"
      }
    },
    "mdast-util-gfm": {
      "version": "0.1.2",
      "resolved": "http://registry.npm.oa.com/mdast-util-gfm/download/mdast-util-gfm-0.1.2.tgz",
      "integrity": "sha1-js3a/lfSZlQPaIH1xX/xlyW9NRw=",
      "dev": true,
      "requires": {
        "mdast-util-gfm-autolink-literal": "^0.1.0",
        "mdast-util-gfm-strikethrough": "^0.2.0",
        "mdast-util-gfm-table": "^0.1.0",
        "mdast-util-gfm-task-list-item": "^0.1.0",
        "mdast-util-to-markdown": "^0.6.1"
      }
    },
    "mdast-util-gfm-autolink-literal": {
      "version": "0.1.3",
      "resolved": "http://registry.npm.oa.com/mdast-util-gfm-autolink-literal/download/mdast-util-gfm-autolink-literal-0.1.3.tgz",
      "integrity": "sha1-nE/zmcXd0uzkC9OxPlRH2E44X7c=",
      "dev": true,
      "requires": {
        "ccount": "^1.0.0",
        "mdast-util-find-and-replace": "^1.1.0",
        "micromark": "^2.11.3"
      }
    },
    "mdast-util-gfm-strikethrough": {
      "version": "0.2.3",
      "resolved": "http://registry.npm.oa.com/mdast-util-gfm-strikethrough/download/mdast-util-gfm-strikethrough-0.2.3.tgz",
      "integrity": "sha1-Re6jN7f/8HVaKRhE++p5mWwyKJA=",
      "dev": true,
      "requires": {
        "mdast-util-to-markdown": "^0.6.0"
      }
    },
    "mdast-util-gfm-table": {
      "version": "0.1.6",
      "resolved": "http://registry.npm.oa.com/mdast-util-gfm-table/download/mdast-util-gfm-table-0.1.6.tgz",
      "integrity": "sha1-rwWurcjl7gBO7d+zJLKtjAKbbs8=",
      "dev": true,
      "requires": {
        "markdown-table": "^2.0.0",
        "mdast-util-to-markdown": "~0.6.0"
      }
    },
    "mdast-util-gfm-task-list-item": {
      "version": "0.1.6",
      "resolved": "http://registry.npm.oa.com/mdast-util-gfm-task-list-item/download/mdast-util-gfm-task-list-item-0.1.6.tgz",
      "integrity": "sha1-cMiF5rn1Q93X5rQflwPuVbCErxA=",
      "dev": true,
      "requires": {
        "mdast-util-to-markdown": "~0.6.0"
      }
    },
    "mdast-util-to-markdown": {
      "version": "0.6.5",
      "resolved": "http://registry.npm.oa.com/mdast-util-to-markdown/download/mdast-util-to-markdown-0.6.5.tgz",
      "integrity": "sha1-sz9nyoINaebMUnqT1AOSSbUEvr4=",
      "dev": true,
      "requires": {
        "@types/unist": "^2.0.0",
        "longest-streak": "^2.0.0",
        "mdast-util-to-string": "^2.0.0",
        "parse-entities": "^2.0.0",
        "repeat-string": "^1.0.0",
        "zwitch": "^1.0.0"
      }
    },
    "mdast-util-to-string": {
      "version": "2.0.0",
      "resolved": "http://registry.npm.oa.com/mdast-util-to-string/download/mdast-util-to-string-2.0.0.tgz",
      "integrity": "sha1-uM/mpxPhCRy1tyj8SIhaR2f4uXs=",
      "dev": true
    },
    "micromark": {
      "version": "2.11.4",
      "resolved": "http://registry.npm.oa.com/micromark/download/micromark-2.11.4.tgz",
      "integrity": "sha1-0TQ2E47qgmOD6CJEnJpcUO5EZlo=",
      "dev": true,
      "requires": {
        "debug": "^4.0.0",
        "parse-entities": "^2.0.0"
      }
    },
    "micromark-extension-footnote": {
      "version": "0.3.2",
      "resolved": "http://registry.npm.oa.com/micromark-extension-footnote/download/micromark-extension-footnote-0.3.2.tgz",
      "integrity": "sha1-Ept070kgzpZxmywGEC7nq7K4iiA=",
      "dev": true,
      "requires": {
        "micromark": "~2.11.0"
      }
    },
    "micromark-extension-frontmatter": {
      "version": "0.2.2",
      "resolved": "http://registry.npm.oa.com/micromark-extension-frontmatter/download/micromark-extension-frontmatter-0.2.2.tgz",
      "integrity": "sha1-YbjpLpIT4dPBP1pZ54YvXKmN+lM=",
      "dev": true,
      "requires": {
        "fault": "^1.0.0"
      }
    },
    "micromark-extension-gfm": {
      "version": "0.3.3",
      "resolved": "http://registry.npm.oa.com/micromark-extension-gfm/download/micromark-extension-gfm-0.3.3.tgz",
      "integrity": "sha1-NtGkwInKi9/ZeMm9K/GgyyTirP4=",
      "dev": true,
      "requires": {
        "micromark": "~2.11.0",
        "micromark-extension-gfm-autolink-literal": "~0.5.0",
        "micromark-extension-gfm-strikethrough": "~0.6.5",
        "micromark-extension-gfm-table": "~0.4.0",
        "micromark-extension-gfm-tagfilter": "~0.3.0",
        "micromark-extension-gfm-task-list-item": "~0.3.0"
      }
    },
    "micromark-extension-gfm-autolink-literal": {
      "version": "0.5.7",
      "resolved": "http://registry.npm.oa.com/micromark-extension-gfm-autolink-literal/download/micromark-extension-gfm-autolink-literal-0.5.7.tgz",
      "integrity": "sha1-U4ZsHwx++UCufKH3LG+u+P7Z8gQ=",
      "dev": true,
      "requires": {
        "micromark": "~2.11.3"
      }
    },
    "micromark-extension-gfm-strikethrough": {
      "version": "0.6.5",
      "resolved": "http://registry.npm.oa.com/micromark-extension-gfm-strikethrough/download/micromark-extension-gfm-strikethrough-0.6.5.tgz",
      "integrity": "sha1-lsuDNW/4e/MWcO77ete7pz5lFNE=",
      "dev": true,
      "requires": {
        "micromark": "~2.11.0"
      }
    },
    "micromark-extension-gfm-table": {
      "version": "0.4.3",
      "resolved": "http://registry.npm.oa.com/micromark-extension-gfm-table/download/micromark-extension-gfm-table-0.4.3.tgz",
      "integrity": "sha1-TUnxzgyoSZbIU4gLlEZpiUfxgCs=",
      "dev": true,
      "requires": {
        "micromark": "~2.11.0"
      }
    },
    "micromark-extension-gfm-tagfilter": {
      "version": "0.3.0",
      "resolved": "http://registry.npm.oa.com/micromark-extension-gfm-tagfilter/download/micromark-extension-gfm-tagfilter-0.3.0.tgz",
      "integrity": "sha1-2fJqZa3umEyczdfhgiIEk1YoQa0=",
      "dev": true
    },
    "micromark-extension-gfm-task-list-item": {
      "version": "0.3.3",
      "resolved": "http://registry.npm.oa.com/micromark-extension-gfm-task-list-item/download/micromark-extension-gfm-task-list-item-0.3.3.tgz",
      "integrity": "sha1-2Qx1XyUz7VWnGBKc7hElfxNig7g=",
      "dev": true,
      "requires": {
        "micromark": "~2.11.0"
      }
    },
    "minimist": {
      "version": "1.2.6",
      "resolved": "http://registry.npm.oa.com/minimist/download/minimist-1.2.6.tgz",
      "integrity": "sha1-hjelt1nqDW6YcCz7OpKDMjyTr0Q=",
      "dev": true
    },
    "ms": {
      "version": "2.1.2",
      "resolved": "http://registry.npm.oa.com/ms/download/ms-2.1.2.tgz",
      "integrity": "sha1-0J0fNXtEP0kzgqjrPM0YOHKuYAk=",
      "dev": true
    },
    "parse-entities": {
      "version": "2.0.0",
      "resolved": "http://registry.npm.oa.com/parse-entities/download/parse-entities-2.0.0.tgz",
      "integrity": "sha1-U8brW5MUofTsmfoP33zgHs2gy+g=",
      "dev": true,
      "requires": {
        "character-entities": "^1.0.0",
        "character-entities-legacy": "^1.0.0",
        "character-reference-invalid": "^1.0.0",
        "is-alphanumerical": "^1.0.0",
        "is-decimal": "^1.0.0",
        "is-hexadecimal": "^1.0.0"
      }
    },
    "remark-footnotes": {
      "version": "3.0.0",
      "resolved": "http://registry.npm.oa.com/remark-footnotes/download/remark-footnotes-3.0.0.tgz",
      "integrity": "sha1-V1a1b4Rk+n7YDbugyWYTYwXYy40=",
      "dev": true,
      "requires": {
        "mdast-util-footnote": "^0.1.0",
        "micromark-extension-footnote": "^0.3.0"
      }
    },
    "remark-frontmatter": {
      "version": "3.0.0",
      "resolved": "http://registry.npm.oa.com/remark-frontmatter/download/remark-frontmatter-3.0.0.tgz",
      "integrity": "sha1-yl2ZY2F2XIWb2URQXzd9axhqbsY=",
      "dev": true,
      "requires": {
        "mdast-util-frontmatter": "^0.2.0",
        "micromark-extension-frontmatter": "^0.2.0"
      }
    },
    "remark-gfm": {
      "version": "1.0.0",
      "resolved": "http://registry.npm.oa.com/remark-gfm/download/remark-gfm-1.0.0.tgz",
      "integrity": "sha1-khNkMAG+Pyd9piVkZNVv0ow7PA0=",
      "dev": true,
      "requires": {
        "mdast-util-gfm": "^0.1.0",
        "micromark-extension-gfm": "^0.3.0"
      }
    },
    "remark-parse": {
      "version": "9.0.0",
      "resolved": "http://registry.npm.oa.com/remark-parse/download/remark-parse-9.0.0.tgz",
      "integrity": "sha1-TSCimWZYgOT0r12Qt8e4qTWFNkA=",
      "dev": true,
      "requires": {
        "mdast-util-from-markdown": "^0.8.0"
      }
    },
    "repeat-string": {
      "version": "1.6.1",
      "resolved": "http://registry.npm.oa.com/repeat-string/download/repeat-string-1.6.1.tgz",
      "integrity": "sha1-jcrkcOHIirwtYA//Sndihtp15jc=",
      "dev": true
    },
    "traverse": {
      "version": "0.6.6",
      "resolved": "http://registry.npm.oa.com/traverse/download/traverse-0.6.6.tgz",
      "integrity": "sha1-y99WD9e5r2MlAv7UD5GMFX6pcTc=",
      "dev": true
    },
    "trough": {
      "version": "1.0.5",
      "resolved": "http://registry.npm.oa.com/trough/download/trough-1.0.5.tgz",
      "integrity": "sha1-uLY5zvrX0LsqvTfUM/+Ck++l9AY=",
      "dev": true
    },
    "underscore": {
      "version": "1.13.6",
      "resolved": "http://registry.npm.oa.com/underscore/download/underscore-1.13.6.tgz",
      "integrity": "sha1-BHhqH1idxsCfdh/F9FuJ6TUTZEE=",
      "dev": true
    },
    "unified": {
      "version": "9.2.2",
      "resolved": "http://registry.npm.oa.com/unified/download/unified-9.2.2.tgz",
      "integrity": "sha1-Z2SaGr/Dq4XSlpUCkCd16wMUaXU=",
      "dev": true,
      "requires": {
        "bail": "^1.0.0",
        "extend": "^3.0.0",
        "is-buffer": "^2.0.0",
        "is-plain-obj": "^2.0.0",
        "trough": "^1.0.0",
        "vfile": "^4.0.0"
      }
    },
    "unist-util-is": {
      "version": "4.1.0",
      "resolved": "http://registry.npm.oa.com/unist-util-is/download/unist-util-is-4.1.0.tgz",
      "integrity": "sha1-l25fRip6Xec9lLcGusG5BnG1d5c=",
      "dev": true
    },
    "unist-util-stringify-position": {
      "version": "2.0.3",
      "resolved": "http://registry.npm.oa.com/unist-util-stringify-position/download/unist-util-stringify-position-2.0.3.tgz",
      "integrity": "sha1-zOO/oc34W6c3XR1bF73Eytqb2do=",
      "dev": true,
      "requires": {
        "@types/unist": "^2.0.2"
      }
    },
    "unist-util-visit-parents": {
      "version": "3.1.1",
      "resolved": "http://registry.npm.oa.com/unist-util-visit-parents/download/unist-util-visit-parents-3.1.1.tgz",
      "integrity": "sha1-ZabOaY94prD1aqDojxOAGIbNrvY=",
      "dev": true,
      "requires": {
        "@types/unist": "^2.0.0",
        "unist-util-is": "^4.0.0"
      }
    },
    "update-section": {
      "version": "0.3.3",
      "resolved": "http://registry.npm.oa.com/update-section/download/update-section-0.3.3.tgz",
      "integrity": "sha1-RY8Xgg03gg3GDiC4bZQ5GwASMVg=",
      "dev": true
    },
    "vfile": {
      "version": "4.2.1",
      "resolved": "http://registry.npm.oa.com/vfile/download/vfile-4.2.1.tgz",
      "integrity": "sha1-A/Hc4o/GJcYlvGUUNQ+9sA+p5iQ=",
      "dev": true,
      "requires": {
        "@types/unist": "^2.0.0",
        "is-buffer": "^2.0.0",
        "unist-util-stringify-position": "^2.0.0",
        "vfile-message": "^2.0.0"
      }
    },
    "vfile-message": {
      "version": "2.0.4",
      "resolved": "http://registry.npm.oa.com/vfile-message/download/vfile-message-2.0.4.tgz",
      "integrity": "sha1-W0O4gXHUCerlhHfRPyPdQdUsNxo=",
      "dev": true,
      "requires": {
        "@types/unist": "^2.0.0",
        "unist-util-stringify-position": "^2.0.0"
      }
    },
    "zwitch": {
      "version": "1.0.5",
      "resolved": "http://registry.npm.oa.com/zwitch/download/zwitch-1.0.5.tgz",
      "integrity": "sha1-0R1zgf/tFrdC9q97PyI9XNn+mSA=",
      "dev": true
    }
  }
}
